
Microsoft Visual Studio Solution File, Format Version 12.00
# Visual Studio Version 16
VisualStudioVersion = 16.0.29215.179
MinimumVisualStudioVersion = 10.0.40219.1
Project("{FAE04EC0-301F-11D3-BF4B-00C04F79EFBC}") = "Bank", "Bank\Bank.csproj", "{2DD87C78-E337-483A-A1AF-CE9C95313A87}"
EndProject
Global
	GlobalSection(SolutionConfigurationPlatforms) = preSolution
		Debug|Any CPU = Debug|Any CPU
		Release|Any CPU = Release|Any CPU
	EndGlobalSection
	GlobalSection(ProjectConfigurationPlatforms) = postSolution
		{2DD87C78-E337-483A-A1AF-CE9C95313A87}.Debug|Any CPU.ActiveCfg = Debug|Any CPU
		{2DD87C78-E337-483A-A1AF-CE9C95313A87}.Debug|Any CPU.Build.0 = Debug|Any CPU
		{2DD87C78-E337-483A-A1AF-CE9C95313A87}.Release|Any CPU.ActiveCfg = Release|Any CPU
		{2DD87C78-E337-483A-A1AF-CE9C95313A87}.Release|Any CPU.Build.0 = Release|Any CPU
	EndGlobalSection
	GlobalSection(SolutionProperties) = preSolution
		HideSolutionNode = FALSE
	EndGlobalSection
	GlobalSection(ExtensibilityGlobals) = postSolution
		SolutionGuid = {92D503BD-5299-4EDD-A2C4-8EF6B6084AA6}
	EndGlobalSection
EndGlobal
